
Microsoft Visual Studio Solution File, Format Version 12.00
# Visual Studio Version 17
VisualStudioVersion = 17.11.35312.102
MinimumVisualStudioVersion = 10.0.40219.1
Project("{FAE04EC0-301F-11D3-BF4B-00C04F79EFBC}") = "WebProgrammingProject", "WebProgrammingProject\WebProgrammingProject.csproj", "{FEC42252-91DB-4D90-BB81-7050B9C32DFF}"
EndProject
Global
	GlobalSection(SolutionConfigurationPlatforms) = preSolution
		Debug|Any CPU = Debug|Any CPU
		Release|Any CPU = Release|Any CPU
	EndGlobalSection
	GlobalSection(ProjectConfigurationPlatforms) = postSolution
		{FEC42252-91DB-4D90-BB81-7050B9C32DFF}.Debug|Any CPU.ActiveCfg = Debug|Any CPU
		{FEC42252-91DB-4D90-BB81-7050B9C32DFF}.Debug|Any CPU.Build.0 = Debug|Any CPU
		{FEC42252-91DB-4D90-BB81-7050B9C32DFF}.Release|Any CPU.ActiveCfg = Release|Any CPU
		{FEC42252-91DB-4D90-BB81-7050B9C32DFF}.Release|Any CPU.Build.0 = Release|Any CPU
	EndGlobalSection
	GlobalSection(SolutionProperties) = preSolution
		HideSolutionNode = FALSE
	EndGlobalSection
	GlobalSection(ExtensibilityGlobals) = postSolution
		SolutionGuid = {1580E28E-DC77-48AB-A375-2BE832B6450A}
	EndGlobalSection
EndGlobal
